
Microsoft Visual Studio Solution File, Format Version 12.00
# Visual Studio Version 16
VisualStudioVersion = 16.0.29613.14
MinimumVisualStudioVersion = 10.0.40219.1
Project("{FAE04EC0-301F-11D3-BF4B-00C04F79EFBC}") = "CampKiosk", "CampKiosk.csproj", "{08B1E394-13A5-4C82-A5D2-ABF2739F868A}"
EndProject
Global
	GlobalSection(SolutionConfigurationPlatforms) = preSolution
		Debug|Any CPU = Debug|Any CPU
		Release|Any CPU = Release|Any CPU
	EndGlobalSection
	GlobalSection(ProjectConfigurationPlatforms) = postSolution
		{08B1E394-13A5-4C82-A5D2-ABF2739F868A}.Debug|Any CPU.ActiveCfg = Debug|Any CPU
		{08B1E394-13A5-4C82-A5D2-ABF2739F868A}.Debug|Any CPU.Build.0 = Debug|Any CPU
		{08B1E394-13A5-4C82-A5D2-ABF2739F868A}.Release|Any CPU.ActiveCfg = Release|Any CPU
		{08B1E394-13A5-4C82-A5D2-ABF2739F868A}.Release|Any CPU.Build.0 = Release|Any CPU
	EndGlobalSection
	GlobalSection(SolutionProperties) = preSolution
		HideSolutionNode = FALSE
	EndGlobalSection
	GlobalSection(ExtensibilityGlobals) = postSolution
		SolutionGuid = {B4031A57-C537-4724-938B-9614F7716C34}
	EndGlobalSection
EndGlobal
